
Microsoft Visual Studio Solution File, Format Version 12.00
# Visual Studio Version 17
VisualStudioVersion = 17.12.35514.174 d17.12
MinimumVisualStudioVersion = 10.0.40219.1
Project("{FAE04EC0-301F-11D3-BF4B-00C04F79EFBC}") = "EagleRockService", "EagleRockService\EagleRockService.csproj", "{122ED58E-4781-4C09-A258-8D0BB63F756E}"
EndProject
Project("{FAE04EC0-301F-11D3-BF4B-00C04F79EFBC}") = "EagleRockService.Test", "EagleRockService.Test\EagleRockService.Test.csproj", "{28EAA055-7E9F-449D-91C2-80B46A3D8112}"
EndProject
Global
	GlobalSection(SolutionConfigurationPlatforms) = preSolution
		Debug|Any CPU = Debug|Any CPU
		Release|Any CPU = Release|Any CPU
	EndGlobalSection
	GlobalSection(ProjectConfigurationPlatforms) = postSolution
		{122ED58E-4781-4C09-A258-8D0BB63F756E}.Debug|Any CPU.ActiveCfg = Debug|Any CPU
		{122ED58E-4781-4C09-A258-8D0BB63F756E}.Debug|Any CPU.Build.0 = Debug|Any CPU
		{122ED58E-4781-4C09-A258-8D0BB63F756E}.Release|Any CPU.ActiveCfg = Release|Any CPU
		{122ED58E-4781-4C09-A258-8D0BB63F756E}.Release|Any CPU.Build.0 = Release|Any CPU
		{28EAA055-7E9F-449D-91C2-80B46A3D8112}.Debug|Any CPU.ActiveCfg = Debug|Any CPU
		{28EAA055-7E9F-449D-91C2-80B46A3D8112}.Debug|Any CPU.Build.0 = Debug|Any CPU
		{28EAA055-7E9F-449D-91C2-80B46A3D8112}.Release|Any CPU.ActiveCfg = Release|Any CPU
		{28EAA055-7E9F-449D-91C2-80B46A3D8112}.Release|Any CPU.Build.0 = Release|Any CPU
	EndGlobalSection
	GlobalSection(SolutionProperties) = preSolution
		HideSolutionNode = FALSE
	EndGlobalSection
EndGlobal
